{
  "version": "2",
  "remote": {
    "https://deno.land/x/pipelight@v0.1.10/mod.ts": "d45fdfb02a704ca9c194d7afb0da558b6e9db1e58e44f9d382f724bec6c9acc4",
    "https://deno.land/x/pipelight@v0.1.10/src/helpers/docker/index.ts": "2954ede9507b03fceeaaa18635ce2afa6fe2dfafc57a55848e48cb9252758459",
    "https://deno.land/x/pipelight@v0.1.10/src/helpers/index.ts": "6c12b9087578529327ff6b4664332f2cc14f6b32caaec5c49ca8584957c27290",
    "https://deno.land/x/pipelight@v0.1.10/src/types/index.ts": "6f7d3150bcd56f505b1fc5d7008b195bcc8db9517b9538a1338efbaafe1106a3",
    "https://deno.land/x/pipelight@v0.1.11/mod.ts": "d45fdfb02a704ca9c194d7afb0da558b6e9db1e58e44f9d382f724bec6c9acc4",
    "https://deno.land/x/pipelight@v0.1.11/src/helpers/docker/index.ts": "01b49cda75dc8505f24b284a353e977280e6e676312e7025484560ba40bcf1dd",
    "https://deno.land/x/pipelight@v0.1.11/src/helpers/index.ts": "6c12b9087578529327ff6b4664332f2cc14f6b32caaec5c49ca8584957c27290",
    "https://deno.land/x/pipelight@v0.1.11/src/types/index.ts": "6f7d3150bcd56f505b1fc5d7008b195bcc8db9517b9538a1338efbaafe1106a3",
    "https://deno.land/x/pipelight@v0.1.12/mod.ts": "d45fdfb02a704ca9c194d7afb0da558b6e9db1e58e44f9d382f724bec6c9acc4",
    "https://deno.land/x/pipelight@v0.1.12/src/helpers/docker/index.ts": "e56350ec2bf552a70b331ed60d55b784d04bf655977dc8ffb6b3cd429d68dc34",
    "https://deno.land/x/pipelight@v0.1.12/src/helpers/index.ts": "6c12b9087578529327ff6b4664332f2cc14f6b32caaec5c49ca8584957c27290",
    "https://deno.land/x/pipelight@v0.1.12/src/types/index.ts": "6f7d3150bcd56f505b1fc5d7008b195bcc8db9517b9538a1338efbaafe1106a3",
    "https://deno.land/x/pipelight@v0.1.7/mod.ts": "c0ba64bdbf9f7a9a10445b83f8a6149e8382ecd644998ea83f72435a993a821a",
    "https://deno.land/x/pipelight@v0.1.7/src/docker/index.ts": "07a103dd9694ae534c1de2aab3da5c29dff6fe399e307afbb1bad1970b950992",
    "https://deno.land/x/pipelight@v0.1.7/src/helpers.ts": "dc84c6f85b3d5844b088902c3647f7143885fd02606c629f8b44315b6f0d549b",
    "https://deno.land/x/pipelight@v0.1.7/src/types/index.ts": "6f7d3150bcd56f505b1fc5d7008b195bcc8db9517b9538a1338efbaafe1106a3",
    "https://deno.land/x/pipelight@v0.1.9/mod.ts": "4c7f6c02b5133262d45f1c7af023efe904501a80e882c6dbb110ca63faaacd8c"
  }
}
